// !$*UTF8*$!
{
	archiveVersion = 1;
	classes = {
	};
	objectVersion = 55;
	objects = {

/* Begin PBXBuildFile section */
		490EEF8C27B0BB5800F410E4 /* VideoPlayerApp.swift in Sources */ = {isa = PBXBuildFile; fileRef = 490EEF8B27B0BB5800F410E4 /* VideoPlayerApp.swift */; };
		490EEF8E27B0BB5800F410E4 /* ContentView.swift in Sources */ = {isa = PBXBuildFile; fileRef = 490EEF8D27B0BB5800F410E4 /* ContentView.swift */; };
		490EEF9027B0BB5D00F410E4 /* Assets.xcassets in Resources */ = {isa = PBXBuildFile; fileRef = 490EEF8F27B0BB5D00F410E4 /* Assets.xcassets */; };
		490EEF9327B0BB5D00F410E4 /* Preview Assets.xcassets in Resources */ = {isa = PBXBuildFile; fileRef = 490EEF9227B0BB5D00F410E4 /* Preview Assets.xcassets */; };
		490EEF9D27B0BB5D00F410E4 /* VideoPlayerTests.swift in Sources */ = {isa = PBXBuildFile; fileRef = 490EEF9C27B0BB5D00F410E4 /* VideoPlayerTests.swift */; };
		490EEFA727B0BB5D00F410E4 /* VideoPlayerUITests.swift in Sources */ = {isa = PBXBuildFile; fileRef = 490EEFA627B0BB5D00F410E4 /* VideoPlayerUITests.swift */; };
		490EEFA927B0BB5D00F410E4 /* VideoPlayerUITestsLaunchTests.swift in Sources */ = {isa = PBXBuildFile; fileRef = 490EEFA827B0BB5D00F410E4 /* VideoPlayerUITestsLaunchTests.swift */; };
		490EEFB727B0BDDD00F410E4 /* QueryTag.swift in Sources */ = {isa = PBXBuildFile; fileRef = 490EEFB627B0BDDD00F410E4 /* QueryTag.swift */; };
		490EEFBB27B0C02400F410E4 /* VideoManager.swift in Sources */ = {isa = PBXBuildFile; fileRef = 490EEFBA27B0C02400F410E4 /* VideoManager.swift */; };
		490EEFBE27B0C54800F410E4 /* VideoCard.swift in Sources */ = {isa = PBXBuildFile; fileRef = 490EEFBD27B0C54800F410E4 /* VideoCard.swift */; };
/* End PBXBuildFile section */

/* Begin PBXContainerItemProxy section */
		490EEF9927B0BB5D00F410E4 /* PBXContainerItemProxy */ = {
			isa = PBXContainerItemProxy;
			containerPortal = 490EEF8027B0BB5800F410E4 /* Project object */;
			proxyType = 1;
			remoteGlobalIDString = 490EEF8727B0BB5800F410E4;
			remoteInfo = VideoPlayer;
		};
		490EEFA327B0BB5D00F410E4 /* PBXContainerItemProxy */ = {
			isa = PBXContainerItemProxy;
			containerPortal = 490EEF8027B0BB5800F410E4 /* Project object */;
			proxyType = 1;
			remoteGlobalIDString = 490EEF8727B0BB5800F410E4;
			remoteInfo = VideoPlayer;
		};
/* End PBXContainerItemProxy section */

/* Begin PBXFileReference section */
		490EEF8827B0BB5800F410E4 /* VideoPlayer.app */ = {isa = PBXFileReference; explicitFileType = wrapper.application; includeInIndex = 0; path = VideoPlayer.app; sourceTree = BUILT_PRODUCTS_DIR; };
		490EEF8B27B0BB5800F410E4 /* VideoPlayerApp.swift */ = {isa = PBXFileReference; lastKnownFileType = sourcecode.swift; path = VideoPlayerApp.swift; sourceTree = "<group>"; };
		490EEF8D27B0BB5800F410E4 /* ContentView.swift */ = {isa = PBXFileReference; lastKnownFileType = sourcecode.swift; path = ContentView.swift; sourceTree = "<group>"; };
		490EEF8F27B0BB5D00F410E4 /* Assets.xcassets */ = {isa = PBXFileReference; lastKnownFileType = folder.assetcatalog; path = Assets.xcassets; sourceTree = "<group>"; };
		490EEF9227B0BB5D00F410E4 /* Preview Assets.xcassets */ = {isa = PBXFileReference; lastKnownFileType = folder.assetcatalog; path = "Preview Assets.xcassets"; sourceTree = "<group>"; };
		490EEF9827B0BB5D00F410E4 /* VideoPlayerTests.xctest */ = {isa = PBXFileReference; explicitFileType = wrapper.cfbundle; includeInIndex = 0; path = VideoPlayerTests.xctest; sourceTree = BUILT_PRODUCTS_DIR; };
		490EEF9C27B0BB5D00F410E4 /* VideoPlayerTests.swift */ = {isa = PBXFileReference; lastKnownFileType = sourcecode.swift; path = VideoPlayerTests.swift; sourceTree = "<group>"; };
		490EEFA227B0BB5D00F410E4 /* VideoPlayerUITests.xctest */ = {isa = PBXFileReference; explicitFileType = wrapper.cfbundle; includeInIndex = 0; path = VideoPlayerUITests.xctest; sourceTree = BUILT_PRODUCTS_DIR; };
		490EEFA627B0BB5D00F410E4 /* VideoPlayerUITests.swift */ = {isa = PBXFileReference; lastKnownFileType = sourcecode.swift; path = VideoPlayerUITests.swift; sourceTree = "<group>"; };
		490EEFA827B0BB5D00F410E4 /* VideoPlayerUITestsLaunchTests.swift */ = {isa = PBXFileReference; lastKnownFileType = sourcecode.swift; path = VideoPlayerUITestsLaunchTests.swift; sourceTree = "<group>"; };
		490EEFB627B0BDDD00F410E4 /* QueryTag.swift */ = {isa = PBXFileReference; lastKnownFileType = sourcecode.swift; path = QueryTag.swift; sourceTree = "<group>"; };
		490EEFBA27B0C02400F410E4 /* VideoManager.swift */ = {isa = PBXFileReference; lastKnownFileType = sourcecode.swift; path = VideoManager.swift; sourceTree = "<group>"; };
		490EEFBD27B0C54800F410E4 /* VideoCard.swift */ = {isa = PBXFileReference; lastKnownFileType = sourcecode.swift; path = VideoCard.swift; sourceTree = "<group>"; };
/* End PBXFileReference section */

/* Begin PBXFrameworksBuildPhase section */
		490EEF8527B0BB5800F410E4 /* Frameworks */ = {
			isa = PBXFrameworksBuildPhase;
			buildActionMask = 2147483647;
			files = (
			);
			runOnlyForDeploymentPostprocessing = 0;
		};
		490EEF9527B0BB5D00F410E4 /* Frameworks */ = {
			isa = PBXFrameworksBuildPhase;
			buildActionMask = 2147483647;
			files = (
			);
			runOnlyForDeploymentPostprocessing = 0;
		};
		490EEF9F27B0BB5D00F410E4 /* Frameworks */ = {
			isa = PBXFrameworksBuildPhase;
			buildActionMask = 2147483647;
			files = (
			);
			runOnlyForDeploymentPostprocessing = 0;
		};
/* End PBXFrameworksBuildPhase section */

/* Begin PBXGroup section */
		490EEF7F27B0BB5800F410E4 = {
			isa = PBXGroup;
			children = (
				490EEF8A27B0BB5800F410E4 /* VideoPlayer */,
				490EEF9B27B0BB5D00F410E4 /* VideoPlayerTests */,
				490EEFA527B0BB5D00F410E4 /* VideoPlayerUITests */,
				490EEF8927B0BB5800F410E4 /* Products */,
			);
			sourceTree = "<group>";
		};
		490EEF8927B0BB5800F410E4 /* Products */ = {
			isa = PBXGroup;
			children = (
				490EEF8827B0BB5800F410E4 /* VideoPlayer.app */,
				490EEF9827B0BB5D00F410E4 /* VideoPlayerTests.xctest */,
				490EEFA227B0BB5D00F410E4 /* VideoPlayerUITests.xctest */,
			);
			name = Products;
			sourceTree = "<group>";
		};
		490EEF8A27B0BB5800F410E4 /* VideoPlayer */ = {
			isa = PBXGroup;
			children = (
				490EEFBC27B0C16B00F410E4 /* Views */,
				490EEFB527B0BDC000F410E4 /* Components */,
				490EEF8B27B0BB5800F410E4 /* VideoPlayerApp.swift */,
				490EEF8F27B0BB5D00F410E4 /* Assets.xcassets */,
				490EEF9127B0BB5D00F410E4 /* Preview Content */,
				490EEFBA27B0C02400F410E4 /* VideoManager.swift */,
			);
			path = VideoPlayer;
			sourceTree = "<group>";
		};
		490EEF9127B0BB5D00F410E4 /* Preview Content */ = {
			isa = PBXGroup;
			children = (
				490EEF9227B0BB5D00F410E4 /* Preview Assets.xcassets */,
			);
			path = "Preview Content";
			sourceTree = "<group>";
		};
		490EEF9B27B0BB5D00F410E4 /* VideoPlayerTests */ = {
			isa = PBXGroup;
			children = (
				490EEF9C27B0BB5D00F410E4 /* VideoPlayerTests.swift */,
			);
			path = VideoPlayerTests;
			sourceTree = "<group>";
		};
		490EEFA527B0BB5D00F410E4 /* VideoPlayerUITests */ = {
			isa = PBXGroup;
			children = (
				490EEFA627B0BB5D00F410E4 /* VideoPlayerUITests.swift */,
				490EEFA827B0BB5D00F410E4 /* VideoPlayerUITestsLaunchTests.swift */,
			);
			path = VideoPlayerUITests;
			sourceTree = "<group>";
		};
		490EEFB527B0BDC000F410E4 /* Components */ = {
			isa = PBXGroup;
			children = (
				490EEFB627B0BDDD00F410E4 /* QueryTag.swift */,
				490EEFBD27B0C54800F410E4 /* VideoCard.swift */,
			);
			path = Components;
			sourceTree = "<group>";
		};
		490EEFBC27B0C16B00F410E4 /* Views */ = {
			isa = PBXGroup;
			children = (
				490EEF8D27B0BB5800F410E4 /* ContentView.swift */,
			);
			path = Views;
			sourceTree = "<group>";
		};
/* End PBXGroup section */

/* Begin PBXNativeTarget section */
		490EEF8727B0BB5800F410E4 /* VideoPlayer */ = {
			isa = PBXNativeTarget;
			buildConfigurationList = 490EEFAC27B0BB5D00F410E4 /* Build configuration list for PBXNativeTarget "VideoPlayer" */;
			buildPhases = (
				490EEF8427B0BB5800F410E4 /* Sources */,
				490EEF8527B0BB5800F410E4 /* Frameworks */,
				490EEF8627B0BB5800F410E4 /* Resources */,
			);
			buildRules = (
			);
			dependencies = (
			);
			name = VideoPlayer;
			productName = VideoPlayer;
			productReference = 490EEF8827B0BB5800F410E4 /* VideoPlayer.app */;
			productType = "com.apple.product-type.application";
		};
		490EEF9727B0BB5D00F410E4 /* VideoPlayerTests */ = {
			isa = PBXNativeTarget;
			buildConfigurationList = 490EEFAF27B0BB5D00F410E4 /* Build configuration list for PBXNativeTarget "VideoPlayerTests" */;
			buildPhases = (
				490EEF9427B0BB5D00F410E4 /* Sources */,
				490EEF9527B0BB5D00F410E4 /* Frameworks */,
				490EEF9627B0BB5D00F410E4 /* Resources */,
			);
			buildRules = (
			);
			dependencies = (
				490EEF9A27B0BB5D00F410E4 /* PBXTargetDependency */,
			);
			name = VideoPlayerTests;
			productName = VideoPlayerTests;
			productReference = 490EEF9827B0BB5D00F410E4 /* VideoPlayerTests.xctest */;
			productType = "com.apple.product-type.bundle.unit-test";
		};
		490EEFA127B0BB5D00F410E4 /* VideoPlayerUITests */ = {
			isa = PBXNativeTarget;
			buildConfigurationList = 490EEFB227B0BB5D00F410E4 /* Build configuration list for PBXNativeTarget "VideoPlayerUITests" */;
			buildPhases = (
				490EEF9E27B0BB5D00F410E4 /* Sources */,
				490EEF9F27B0BB5D00F410E4 /* Frameworks */,
				490EEFA027B0BB5D00F410E4 /* Resources */,
			);
			buildRules = (
			);
			dependencies = (
				490EEFA427B0BB5D00F410E4 /* PBXTargetDependency */,
			);
			name = VideoPlayerUITests;
			productName = VideoPlayerUITests;
			productReference = 490EEFA227B0BB5D00F410E4 /* VideoPlayerUITests.xctest */;
			productType = "com.apple.product-type.bundle.ui-testing";
		};
/* End PBXNativeTarget section */

/* Begin PBXProject section */
		490EEF8027B0BB5800F410E4 /* Project object */ = {
			isa = PBXProject;
			attributes = {
				BuildIndependentTargetsInParallel = 1;
				LastSwiftUpdateCheck = 1320;
				LastUpgradeCheck = 1320;
				TargetAttributes = {
					490EEF8727B0BB5800F410E4 = {
						CreatedOnToolsVersion = 13.2.1;
					};
					490EEF9727B0BB5D00F410E4 = {
						CreatedOnToolsVersion = 13.2.1;
						TestTargetID = 490EEF8727B0BB5800F410E4;
					};
					490EEFA127B0BB5D00F410E4 = {
						CreatedOnToolsVersion = 13.2.1;
						TestTargetID = 490EEF8727B0BB5800F410E4;
					};
				};
			};
			buildConfigurationList = 490EEF8327B0BB5800F410E4 /* Build configuration list for PBXProject "VideoPlayer" */;
			compatibilityVersion = "Xcode 13.0";
			developmentRegion = en;
			hasScannedForEncodings = 0;
			knownRegions = (
				en,
				Base,
			);
			mainGroup = 490EEF7F27B0BB5800F410E4;
			productRefGroup = 490EEF8927B0BB5800F410E4 /* Products */;
			projectDirPath = "";
			projectRoot = "";
			targets = (
				490EEF8727B0BB5800F410E4 /* VideoPlayer */,
				490EEF9727B0BB5D00F410E4 /* VideoPlayerTests */,
				490EEFA127B0BB5D00F410E4 /* VideoPlayerUITests */,
			);
		};
/* End PBXProject section */

/* Begin PBXResourcesBuildPhase section */
		490EEF8627B0BB5800F410E4 /* Resources */ = {
			isa = PBXResourcesBuildPhase;
			buildActionMask = 2147483647;
			files = (
				490EEF9327B0BB5D00F410E4 /* Preview Assets.xcassets in Resources */,
				490EEF9027B0BB5D00F410E4 /* Assets.xcassets in Resources */,
			);
			runOnlyForDeploymentPostprocessing = 0;
		};
		490EEF9627B0BB5D00F410E4 /* Resources */ = {
			isa = PBXResourcesBuildPhase;
			buildActionMask = 2147483647;
			files = (
			);
			runOnlyForDeploymentPostprocessing = 0;
		};
		490EEFA027B0BB5D00F410E4 /* Resources */ = {
			isa = PBXResourcesBuildPhase;
			buildActionMask = 2147483647;
			files = (
			);
			runOnlyForDeploymentPostprocessing = 0;
		};
/* End PBXResourcesBuildPhase section */

/* Begin PBXSourcesBuildPhase section */
		490EEF8427B0BB5800F410E4 /* Sources */ = {
			isa = PBXSourcesBuildPhase;
			buildActionMask = 2147483647;
			files = (
				490EEF8E27B0BB5800F410E4 /* ContentView.swift in Sources */,
				490EEFBE27B0C54800F410E4 /* VideoCard.swift in Sources */,
				490EEFB727B0BDDD00F410E4 /* QueryTag.swift in Sources */,
				490EEF8C27B0BB5800F410E4 /* VideoPlayerApp.swift in Sources */,
				490EEFBB27B0C02400F410E4 /* VideoManager.swift in Sources */,
			);
			runOnlyForDeploymentPostprocessing = 0;
		};
		490EEF9427B0BB5D00F410E4 /* Sources */ = {
			isa = PBXSourcesBuildPhase;
			buildActionMask = 2147483647;
			files = (
				490EEF9D27B0BB5D00F410E4 /* VideoPlayerTests.swift in Sources */,
			);
			runOnlyForDeploymentPostprocessing = 0;
		};
		490EEF9E27B0BB5D00F410E4 /* Sources */ = {
			isa = PBXSourcesBuildPhase;
			buildActionMask = 2147483647;
			files = (
				490EEFA727B0BB5D00F410E4 /* VideoPlayerUITests.swift in Sources */,
				490EEFA927B0BB5D00F410E4 /* VideoPlayerUITestsLaunchTests.swift in Sources */,
			);
			runOnlyForDeploymentPostprocessing = 0;
		};
/* End PBXSourcesBuildPhase section */

/* Begin PBXTargetDependency section */
		490EEF9A27B0BB5D00F410E4 /* PBXTargetDependency */ = {
			isa = PBXTargetDependency;
			target = 490EEF8727B0BB5800F410E4 /* VideoPlayer */;
			targetProxy = 490EEF9927B0BB5D00F410E4 /* PBXContainerItemProxy */;
		};
		490EEFA427B0BB5D00F410E4 /* PBXTargetDependency */ = {
			isa = PBXTargetDependency;
			target = 490EEF8727B0BB5800F410E4 /* VideoPlayer */;
			targetProxy = 490EEFA327B0BB5D00F410E4 /* PBXContainerItemProxy */;
		};
/* End PBXTargetDependency section */

/* Begin XCBuildConfiguration section */
		490EEFAA27B0BB5D00F410E4 /* Debug */ = {
			isa = XCBuildConfiguration;
			buildSettings = {
				ALWAYS_SEARCH_USER_PATHS = NO;
				CLANG_ANALYZER_NONNULL = YES;
				CLANG_ANALYZER_NUMBER_OBJECT_CONVERSION = YES_AGGRESSIVE;
				CLANG_CXX_LANGUAGE_STANDARD = "gnu++17";
				CLANG_CXX_LIBRARY = "libc++";
				CLANG_ENABLE_MODULES = YES;
				CLANG_ENABLE_OBJC_ARC = YES;
				CLANG_ENABLE_OBJC_WEAK = YES;
				CLANG_WARN_BLOCK_CAPTURE_AUTORELEASING = YES;
				CLANG_WARN_BOOL_CONVERSION = YES;
				CLANG_WARN_COMMA = YES;
				CLANG_WARN_CONSTANT_CONVERSION = YES;
				CLANG_WARN_DEPRECATED_OBJC_IMPLEMENTATIONS = YES;
				CLANG_WARN_DIRECT_OBJC_ISA_USAGE = YES_ERROR;
				CLANG_WARN_DOCUMENTATION_COMMENTS = YES;
				CLANG_WARN_EMPTY_BODY = YES;
				CLANG_WARN_ENUM_CONVERSION = YES;
				CLANG_WARN_INFINITE_RECURSION = YES;
				CLANG_WARN_INT_CONVERSION = YES;
				CLANG_WARN_NON_LITERAL_NULL_CONVERSION = YES;
				CLANG_WARN_OBJC_IMPLICIT_RETAIN_SELF = YES;
				CLANG_WARN_OBJC_LITERAL_CONVERSION = YES;
				CLANG_WARN_OBJC_ROOT_CLASS = YES_ERROR;
				CLANG_WARN_QUOTED_INCLUDE_IN_FRAMEWORK_HEADER = YES;
				CLANG_WARN_RANGE_LOOP_ANALYSIS = YES;
				CLANG_WARN_STRICT_PROTOTYPES = YES;
				CLANG_WARN_SUSPICIOUS_MOVE = YES;
				CLANG_WARN_UNGUARDED_AVAILABILITY = YES_AGGRESSIVE;
				CLANG_WARN_UNREACHABLE_CODE = YES;
				CLANG_WARN__DUPLICATE_METHOD_MATCH = YES;
				COPY_PHASE_STRIP = NO;
				DEBUG_INFORMATION_FORMAT = dwarf;
				ENABLE_STRICT_OBJC_MSGSEND = YES;
				ENABLE_TESTABILITY = YES;
				GCC_C_LANGUAGE_STANDARD = gnu11;
				GCC_DYNAMIC_NO_PIC = NO;
				GCC_NO_COMMON_BLOCKS = YES;
				GCC_OPTIMIZATION_LEVEL = 0;
				GCC_PREPROCESSOR_DEFINITIONS = (
					"DEBUG=1",
					"$(inherited)",
				);
				GCC_WARN_64_TO_32_BIT_CONVERSION = YES;
				GCC_WARN_ABOUT_RETURN_TYPE = YES_ERROR;
				GCC_WARN_UNDECLARED_SELECTOR = YES;
				GCC_WARN_UNINITIALIZED_AUTOS = YES_AGGRESSIVE;
				GCC_WARN_UNUSED_FUNCTION = YES;
				GCC_WARN_UNUSED_VARIABLE = YES;
				IPHONEOS_DEPLOYMENT_TARGET = 15.2;
				MTL_ENABLE_DEBUG_INFO = INCLUDE_SOURCE;
				MTL_FAST_MATH = YES;
				ONLY_ACTIVE_ARCH = YES;
				SDKROOT = iphoneos;
				SWIFT_ACTIVE_COMPILATION_CONDITIONS = DEBUG;
				SWIFT_OPTIMIZATION_LEVEL = "-Onone";
			};
			name = Debug;
		};
		490EEFAB27B0BB5D00F410E4 /* Release */ = {
			isa = XCBuildConfiguration;
			buildSettings = {
				ALWAYS_SEARCH_USER_PATHS = NO;
				CLANG_ANALYZER_NONNULL = YES;
				CLANG_ANALYZER_NUMBER_OBJECT_CONVERSION = YES_AGGRESSIVE;
				CLANG_CXX_LANGUAGE_STANDARD = "gnu++17";
				CLANG_CXX_LIBRARY = "libc++";
				CLANG_ENABLE_MODULES = YES;
				CLANG_ENABLE_OBJC_ARC = YES;
				CLANG_ENABLE_OBJC_WEAK = YES;
				CLANG_WARN_BLOCK_CAPTURE_AUTORELEASING = YES;
				CLANG_WARN_BOOL_CONVERSION = YES;
				CLANG_WARN_COMMA = YES;
				CLANG_WARN_CONSTANT_CONVERSION = YES;
				CLANG_WARN_DEPRECATED_OBJC_IMPLEMENTATIONS = YES;
				CLANG_WARN_DIRECT_OBJC_ISA_USAGE = YES_ERROR;
				CLANG_WARN_DOCUMENTATION_COMMENTS = YES;
				CLANG_WARN_EMPTY_BODY = YES;
				CLANG_WARN_ENUM_CONVERSION = YES;
				CLANG_WARN_INFINITE_RECURSION = YES;
				CLANG_WARN_INT_CONVERSION = YES;
				CLANG_WARN_NON_LITERAL_NULL_CONVERSION = YES;
				CLANG_WARN_OBJC_IMPLICIT_RETAIN_SELF = YES;
				CLANG_WARN_OBJC_LITERAL_CONVERSION = YES;
				CLANG_WARN_OBJC_ROOT_CLASS = YES_ERROR;
				CLANG_WARN_QUOTED_INCLUDE_IN_FRAMEWORK_HEADER = YES;
				CLANG_WARN_RANGE_LOOP_ANALYSIS = YES;
				CLANG_WARN_STRICT_PROTOTYPES = YES;
				CLANG_WARN_SUSPICIOUS_MOVE = YES;
				CLANG_WARN_UNGUARDED_AVAILABILITY = YES_AGGRESSIVE;
				CLANG_WARN_UNREACHABLE_CODE = YES;
				CLANG_WARN__DUPLICATE_METHOD_MATCH = YES;
				COPY_PHASE_STRIP = NO;
				DEBUG_INFORMATION_FORMAT = "dwarf-with-dsym";
				ENABLE_NS_ASSERTIONS = NO;
				ENABLE_STRICT_OBJC_MSGSEND = YES;
				GCC_C_LANGUAGE_STANDARD = gnu11;
				GCC_NO_COMMON_BLOCKS = YES;
				GCC_WARN_64_TO_32_BIT_CONVERSION = YES;
				GCC_WARN_ABOUT_RETURN_TYPE = YES_ERROR;
				GCC_WARN_UNDECLARED_SELECTOR = YES;
				GCC_WARN_UNINITIALIZED_AUTOS = YES_AGGRESSIVE;
				GCC_WARN_UNUSED_FUNCTION = YES;
				GCC_WARN_UNUSED_VARIABLE = YES;
				IPHONEOS_DEPLOYMENT_TARGET = 15.2;
				MTL_ENABLE_DEBUG_INFO = NO;
				MTL_FAST_MATH = YES;
				SDKROOT = iphoneos;
				SWIFT_COMPILATION_MODE = wholemodule;
				SWIFT_OPTIMIZATION_LEVEL = "-O";
				VALIDATE_PRODUCT = YES;
			};
			name = Release;
		};
		490EEFAD27B0BB5D00F410E4 /* Debug */ = {
			isa = XCBuildConfiguration;
			buildSettings = {
				ASSETCATALOG_COMPILER_APPICON_NAME = AppIcon;
				ASSETCATALOG_COMPILER_GLOBAL_ACCENT_COLOR_NAME = AccentColor;
				CODE_SIGN_STYLE = Automatic;
				CURRENT_PROJECT_VERSION = 1;
				DEVELOPMENT_ASSET_PATHS = "\"VideoPlayer/Preview Content\"";
				DEVELOPMENT_TEAM = PB8XCD5RSV;
				ENABLE_PREVIEWS = YES;
				GENERATE_INFOPLIST_FILE = YES;
				INFOPLIST_KEY_UIApplicationSceneManifest_Generation = YES;
				INFOPLIST_KEY_UIApplicationSupportsIndirectInputEvents = YES;
				INFOPLIST_KEY_UILaunchScreen_Generation = YES;
				INFOPLIST_KEY_UISupportedInterfaceOrientations_iPad = "UIInterfaceOrientationPortrait UIInterfaceOrientationPortraitUpsideDown UIInterfaceOrientationLandscapeLeft UIInterfaceOrientationLandscapeRight";
				INFOPLIST_KEY_UISupportedInterfaceOrientations_iPhone = "UIInterfaceOrientationPortrait UIInterfaceOrientationLandscapeLeft UIInterfaceOrientationLandscapeRight";
				LD_RUNPATH_SEARCH_PATHS = (
					"$(inherited)",
					"@executable_path/Frameworks",
				);
				MARKETING_VERSION = 1.0;
				PRODUCT_BUNDLE_IDENTIFIER = com.andrewhoang.VideoPlayer;
				PRODUCT_NAME = "$(TARGET_NAME)";
				SWIFT_EMIT_LOC_STRINGS = YES;
				SWIFT_VERSION = 5.0;
				TARGETED_DEVICE_FAMILY = "1,2";
			};
			name = Debug;
		};
		490EEFAE27B0BB5D00F410E4 /* Release */ = {
			isa = XCBuildConfiguration;
			buildSettings = {
				ASSETCATALOG_COMPILER_APPICON_NAME = AppIcon;
				ASSETCATALOG_COMPILER_GLOBAL_ACCENT_COLOR_NAME = AccentColor;
				CODE_SIGN_STYLE = Automatic;
				CURRENT_PROJECT_VERSION = 1;
				DEVELOPMENT_ASSET_PATHS = "\"VideoPlayer/Preview Content\"";
				DEVELOPMENT_TEAM = PB8XCD5RSV;
				ENABLE_PREVIEWS = YES;
				GENERATE_INFOPLIST_FILE = YES;
				INFOPLIST_KEY_UIApplicationSceneManifest_Generation = YES;
				INFOPLIST_KEY_UIApplicationSupportsIndirectInputEvents = YES;
				INFOPLIST_KEY_UILaunchScreen_Generation = YES;
				INFOPLIST_KEY_UISupportedInterfaceOrientations_iPad = "UIInterfaceOrientationPortrait UIInterfaceOrientationPortraitUpsideDown UIInterfaceOrientationLandscapeLeft UIInterfaceOrientationLandscapeRight";
				INFOPLIST_KEY_UISupportedInterfaceOrientations_iPhone = "UIInterfaceOrientationPortrait UIInterfaceOrientationLandscapeLeft UIInterfaceOrientationLandscapeRight";
				LD_RUNPATH_SEARCH_PATHS = (
					"$(inherited)",
					"@executable_path/Frameworks",
				);
				MARKETING_VERSION = 1.0;
				PRODUCT_BUNDLE_IDENTIFIER = com.andrewhoang.VideoPlayer;
				PRODUCT_NAME = "$(TARGET_NAME)";
				SWIFT_EMIT_LOC_STRINGS = YES;
				SWIFT_VERSION = 5.0;
				TARGETED_DEVICE_FAMILY = "1,2";
			};
			name = Release;
		};
		490EEFB027B0BB5D00F410E4 /* Debug */ = {
			isa = XCBuildConfiguration;
			buildSettings = {
				ALWAYS_EMBED_SWIFT_STANDARD_LIBRARIES = YES;
				BUNDLE_LOADER = "$(TEST_HOST)";
				CODE_SIGN_STYLE = Automatic;
				CURRENT_PROJECT_VERSION = 1;
				DEVELOPMENT_TEAM = PB8XCD5RSV;
				GENERATE_INFOPLIST_FILE = YES;
				IPHONEOS_DEPLOYMENT_TARGET = 15.2;
				MARKETING_VERSION = 1.0;
				PRODUCT_BUNDLE_IDENTIFIER = com.andrewhoang.VideoPlayerTests;
				PRODUCT_NAME = "$(TARGET_NAME)";
				SWIFT_EMIT_LOC_STRINGS = NO;
				SWIFT_VERSION = 5.0;
				TARGETED_DEVICE_FAMILY = "1,2";
				TEST_HOST = "$(BUILT_PRODUCTS_DIR)/VideoPlayer.app/VideoPlayer";
			};
			name = Debug;
		};
		490EEFB127B0BB5D00F410E4 /* Release */ = {
			isa = XCBuildConfiguration;
			buildSettings = {
				ALWAYS_EMBED_SWIFT_STANDARD_LIBRARIES = YES;
				BUNDLE_LOADER = "$(TEST_HOST)";
				CODE_SIGN_STYLE = Automatic;
				CURRENT_PROJECT_VERSION = 1;
				DEVELOPMENT_TEAM = PB8XCD5RSV;
				GENERATE_INFOPLIST_FILE = YES;
				IPHONEOS_DEPLOYMENT_TARGET = 15.2;
				MARKETING_VERSION = 1.0;
				PRODUCT_BUNDLE_IDENTIFIER = com.andrewhoang.VideoPlayerTests;
				PRODUCT_NAME = "$(TARGET_NAME)";
				SWIFT_EMIT_LOC_STRINGS = NO;
				SWIFT_VERSION = 5.0;
				TARGETED_DEVICE_FAMILY = "1,2";
				TEST_HOST = "$(BUILT_PRODUCTS_DIR)/VideoPlayer.app/VideoPlayer";
			};
			name = Release;
		};
		490EEFB327B0BB5D00F410E4 /* Debug */ = {
			isa = XCBuildConfiguration;
			buildSettings = {
				ALWAYS_EMBED_SWIFT_STANDARD_LIBRARIES = YES;
				CODE_SIGN_STYLE = Automatic;
				CURRENT_PROJECT_VERSION = 1;
				DEVELOPMENT_TEAM = PB8XCD5RSV;
				GENERATE_INFOPLIST_FILE = YES;
				MARKETING_VERSION = 1.0;
				PRODUCT_BUNDLE_IDENTIFIER = com.andrewhoang.VideoPlayerUITests;
				PRODUCT_NAME = "$(TARGET_NAME)";
				SWIFT_EMIT_LOC_STRINGS = NO;
				SWIFT_VERSION = 5.0;
				TARGETED_DEVICE_FAMILY = "1,2";
				TEST_TARGET_NAME = VideoPlayer;
			};
			name = Debug;
		};
		490EEFB427B0BB5D00F410E4 /* Release */ = {
			isa = XCBuildConfiguration;
			buildSettings = {
				ALWAYS_EMBED_SWIFT_STANDARD_LIBRARIES = YES;
				CODE_SIGN_STYLE = Automatic;
				CURRENT_PROJECT_VERSION = 1;
				DEVELOPMENT_TEAM = PB8XCD5RSV;
				GENERATE_INFOPLIST_FILE = YES;
				MARKETING_VERSION = 1.0;
				PRODUCT_BUNDLE_IDENTIFIER = com.andrewhoang.VideoPlayerUITests;
				PRODUCT_NAME = "$(TARGET_NAME)";
				SWIFT_EMIT_LOC_STRINGS = NO;
				SWIFT_VERSION = 5.0;
				TARGETED_DEVICE_FAMILY = "1,2";
				TEST_TARGET_NAME = VideoPlayer;
			};
			name = Release;
		};
/* End XCBuildConfiguration section */

/* Begin XCConfigurationList section */
		490EEF8327B0BB5800F410E4 /* Build configuration list for PBXProject "VideoPlayer" */ = {
			isa = XCConfigurationList;
			buildConfigurations = (
				490EEFAA27B0BB5D00F410E4 /* Debug */,
				490EEFAB27B0BB5D00F410E4 /* Release */,
			);
			defaultConfigurationIsVisible = 0;
			defaultConfigurationName = Release;
		};
		490EEFAC27B0BB5D00F410E4 /* Build configuration list for PBXNativeTarget "VideoPlayer" */ = {
			isa = XCConfigurationList;
			buildConfigurations = (
				490EEFAD27B0BB5D00F410E4 /* Debug */,
				490EEFAE27B0BB5D00F410E4 /* Release */,
			);
			defaultConfigurationIsVisible = 0;
			defaultConfigurationName = Release;
		};
		490EEFAF27B0BB5D00F410E4 /* Build configuration list for PBXNativeTarget "VideoPlayerTests" */ = {
			isa = XCConfigurationList;
			buildConfigurations = (
				490EEFB027B0BB5D00F410E4 /* Debug */,
				490EEFB127B0BB5D00F410E4 /* Release */,
			);
			defaultConfigurationIsVisible = 0;
			defaultConfigurationName = Release;
		};
		490EEFB227B0BB5D00F410E4 /* Build configuration list for PBXNativeTarget "VideoPlayerUITests" */ = {
			isa = XCConfigurationList;
			buildConfigurations = (
				490EEFB327B0BB5D00F410E4 /* Debug */,
				490EEFB427B0BB5D00F410E4 /* Release */,
			);
			defaultConfigurationIsVisible = 0;
			defaultConfigurationName = Release;
		};
/* End XCConfigurationList section */
	};
	rootObject = 490EEF8027B0BB5800F410E4 /* Project object */;
}
